// !$*UTF8*$!
{
	archiveVersion = 1;
	classes = {
	};
	objectVersion = 70;
	objects = {

/* Begin PBXBuildFile section */
		767BD7032F7EFD7F000D68FA /* NetworkExtension.framework in Frameworks */ = {isa = PBXBuildFile; fileRef = 767BD7022F7EFD7F000D68FA /* NetworkExtension.framework */; };
		767BD70B2F7EFD7F000D68FA /* PacketTunnel.appex in Embed Foundation Extensions */ = {isa = PBXBuildFile; fileRef = 767BD7012F7EFD7F000D68FA /* PacketTunnel.appex */; settings = {ATTRIBUTES = (RemoveHeadersOnCopy, ); }; };
		A93A953B29CC810C00F8E227 /* iosApp.swift in Sources */ = {isa = PBXBuildFile; fileRef = A93A953A29CC810C00F8E227 /* iosApp.swift */; };
		A93A953F29CC810D00F8E227 /* Assets.xcassets in Resources */ = {isa = PBXBuildFile; fileRef = A93A953E29CC810D00F8E227 /* Assets.xcassets */; };
		A93A954229CC810D00F8E227 /* Preview Assets.xcassets in Resources */ = {isa = PBXBuildFile; fileRef = A93A954129CC810D00F8E227 /* Preview Assets.xcassets */; };
/* End PBXBuildFile section */

/* Begin PBXContainerItemProxy section */
		767BD7092F7EFD7F000D68FA /* PBXContainerItemProxy */ = {
			isa = PBXContainerItemProxy;
			containerPortal = A93A952F29CC810C00F8E227 /* Project object */;
			proxyType = 1;
			remoteGlobalIDString = 767BD7002F7EFD7F000D68FA;
			remoteInfo = PacketTunnel;
		};
/* End PBXContainerItemProxy section */

/* Begin PBXCopyFilesBuildPhase section */
		767BD7102F7EFD7F000D68FA /* Embed Foundation Extensions */ = {
			isa = PBXCopyFilesBuildPhase;
			buildActionMask = 2147483647;
			dstPath = "";
			dstSubfolderSpec = 13;
			files = (
				767BD70B2F7EFD7F000D68FA /* PacketTunnel.appex in Embed Foundation Extensions */,
			);
			name = "Embed Foundation Extensions";
			runOnlyForDeploymentPostprocessing = 0;
		};
/* End PBXCopyFilesBuildPhase section */

/* Begin PBXFileReference section */
		767BD6F22F7EFBDD000D68FA /* macos.app */ = {isa = PBXFileReference; explicitFileType = wrapper.application; includeInIndex = 0; path = macos.app; sourceTree = BUILT_PRODUCTS_DIR; };
		767BD7012F7EFD7F000D68FA /* PacketTunnel.appex */ = {isa = PBXFileReference; explicitFileType = "wrapper.app-extension"; includeInIndex = 0; path = PacketTunnel.appex; sourceTree = BUILT_PRODUCTS_DIR; };
		767BD7022F7EFD7F000D68FA /* NetworkExtension.framework */ = {isa = PBXFileReference; lastKnownFileType = wrapper.framework; name = NetworkExtension.framework; path = System/Library/Frameworks/NetworkExtension.framework; sourceTree = SDKROOT; };
		A93A953729CC810C00F8E227 /* Multiplatform App.app */ = {isa = PBXFileReference; explicitFileType = wrapper.application; includeInIndex = 0; path = "Multiplatform App.app"; sourceTree = BUILT_PRODUCTS_DIR; };
		A93A953A29CC810C00F8E227 /* iosApp.swift */ = {isa = PBXFileReference; lastKnownFileType = sourcecode.swift; path = iosApp.swift; sourceTree = "<group>"; };
		A93A953E29CC810D00F8E227 /* Assets.xcassets */ = {isa = PBXFileReference; lastKnownFileType = folder.assetcatalog; path = Assets.xcassets; sourceTree = "<group>"; };
		A93A954129CC810D00F8E227 /* Preview Assets.xcassets */ = {isa = PBXFileReference; lastKnownFileType = folder.assetcatalog; path = "Preview Assets.xcassets"; sourceTree = "<group>"; };
/* End PBXFileReference section */

/* Begin PBXFileSystemSynchronizedBuildFileExceptionSet section */
		767BD70C2F7EFD7F000D68FA /* PBXFileSystemSynchronizedBuildFileExceptionSet */ = {
			isa = PBXFileSystemSynchronizedBuildFileExceptionSet;
			membershipExceptions = (
				Info.plist,
			);
			target = 767BD7002F7EFD7F000D68FA /* PacketTunnel */;
		};
/* End PBXFileSystemSynchronizedBuildFileExceptionSet section */

/* Begin PBXFileSystemSynchronizedRootGroup section */
		767BD6F32F7EFBDD000D68FA /* macos */ = {isa = PBXFileSystemSynchronizedRootGroup; explicitFileTypes = {}; explicitFolders = (); path = macos; sourceTree = "<group>"; };
		767BD7042F7EFD7F000D68FA /* PacketTunnel */ = {isa = PBXFileSystemSynchronizedRootGroup; exceptions = (767BD70C2F7EFD7F000D68FA /* PBXFileSystemSynchronizedBuildFileExceptionSet */, ); explicitFileTypes = {}; explicitFolders = (); path = PacketTunnel; sourceTree = "<group>"; };
/* End PBXFileSystemSynchronizedRootGroup section */

/* Begin PBXFrameworksBuildPhase section */
		767BD6EF2F7EFBDD000D68FA /* Frameworks */ = {
			isa = PBXFrameworksBuildPhase;
			buildActionMask = 2147483647;
			files = (
			);
			runOnlyForDeploymentPostprocessing = 0;
		};
		767BD6FE2F7EFD7F000D68FA /* Frameworks */ = {
			isa = PBXFrameworksBuildPhase;
			buildActionMask = 2147483647;
			files = (
				767BD7032F7EFD7F000D68FA /* NetworkExtension.framework in Frameworks */,
			);
			runOnlyForDeploymentPostprocessing = 0;
		};
		A93A953429CC810C00F8E227 /* Frameworks */ = {
			isa = PBXFrameworksBuildPhase;
			buildActionMask = 2147483647;
			files = (
			);
			runOnlyForDeploymentPostprocessing = 0;
		};
/* End PBXFrameworksBuildPhase section */

/* Begin PBXGroup section */
		A93A952E29CC810C00F8E227 = {
			isa = PBXGroup;
			children = (
				A93A953929CC810C00F8E227 /* iosApp */,
				767BD6F32F7EFBDD000D68FA /* macos */,
				767BD7042F7EFD7F000D68FA /* PacketTunnel */,
				A93A953829CC810C00F8E227 /* Products */,
				C4127409AE3703430489E7BC /* Frameworks */,
			);
			sourceTree = "<group>";
		};
		A93A953829CC810C00F8E227 /* Products */ = {
			isa = PBXGroup;
			children = (
				A93A953729CC810C00F8E227 /* Multiplatform App.app */,
				767BD6F22F7EFBDD000D68FA /* macos.app */,
				767BD7012F7EFD7F000D68FA /* PacketTunnel.appex */,
			);
			name = Products;
			sourceTree = "<group>";
		};
		A93A953929CC810C00F8E227 /* iosApp */ = {
			isa = PBXGroup;
			children = (
				A93A953A29CC810C00F8E227 /* iosApp.swift */,
				A93A953E29CC810D00F8E227 /* Assets.xcassets */,
				A93A954029CC810D00F8E227 /* Preview Content */,
			);
			path = iosApp;
			sourceTree = "<group>";
		};
		A93A954029CC810D00F8E227 /* Preview Content */ = {
			isa = PBXGroup;
			children = (
				A93A954129CC810D00F8E227 /* Preview Assets.xcassets */,
			);
			path = "Preview Content";
			sourceTree = "<group>";
		};
		C4127409AE3703430489E7BC /* Frameworks */ = {
			isa = PBXGroup;
			children = (
				767BD7022F7EFD7F000D68FA /* NetworkExtension.framework */,
			);
			name = Frameworks;
			sourceTree = "<group>";
		};
/* End PBXGroup section */

/* Begin PBXNativeTarget section */
		767BD6F12F7EFBDD000D68FA /* macos */ = {
			isa = PBXNativeTarget;
			buildConfigurationList = 767BD6FA2F7EFBDE000D68FA /* Build configuration list for PBXNativeTarget "macos" */;
			buildPhases = (
				767BD6EE2F7EFBDD000D68FA /* Sources */,
				767BD6EF2F7EFBDD000D68FA /* Frameworks */,
				767BD6F02F7EFBDD000D68FA /* Resources */,
				767BD7102F7EFD7F000D68FA /* Embed Foundation Extensions */,
			);
			buildRules = (
			);
			dependencies = (
				767BD70A2F7EFD7F000D68FA /* PBXTargetDependency */,
			);
			fileSystemSynchronizedGroups = (
				767BD6F32F7EFBDD000D68FA /* macos */,
			);
			name = macos;
			packageProductDependencies = (
			);
			productName = macos;
			productReference = 767BD6F22F7EFBDD000D68FA /* macos.app */;
			productType = "com.apple.product-type.application";
		};
		767BD7002F7EFD7F000D68FA /* PacketTunnel */ = {
			isa = PBXNativeTarget;
			buildConfigurationList = 767BD70D2F7EFD7F000D68FA /* Build configuration list for PBXNativeTarget "PacketTunnel" */;
			buildPhases = (
				767BD6FD2F7EFD7F000D68FA /* Sources */,
				767BD6FE2F7EFD7F000D68FA /* Frameworks */,
				767BD6FF2F7EFD7F000D68FA /* Resources */,
			);
			buildRules = (
			);
			dependencies = (
			);
			fileSystemSynchronizedGroups = (
				767BD7042F7EFD7F000D68FA /* PacketTunnel */,
			);
			name = PacketTunnel;
			packageProductDependencies = (
			);
			productName = PacketTunnel;
			productReference = 767BD7012F7EFD7F000D68FA /* PacketTunnel.appex */;
			productType = "com.apple.product-type.app-extension";
		};
		A93A953629CC810C00F8E227 /* iosApp */ = {
			isa = PBXNativeTarget;
			buildConfigurationList = A93A954529CC810D00F8E227 /* Build configuration list for PBXNativeTarget "iosApp" */;
			buildPhases = (
				A9D80A052AAB5CDE006C8738 /* ShellScript */,
				A93A953329CC810C00F8E227 /* Sources */,
				A93A953429CC810C00F8E227 /* Frameworks */,
				A93A953529CC810C00F8E227 /* Resources */,
			);
			buildRules = (
			);
			dependencies = (
			);
			name = iosApp;
			productName = iosApp;
			productReference = A93A953729CC810C00F8E227 /* Multiplatform App.app */;
			productType = "com.apple.product-type.application";
		};
/* End PBXNativeTarget section */

/* Begin PBXProject section */
		A93A952F29CC810C00F8E227 /* Project object */ = {
			isa = PBXProject;
			attributes = {
				LastSwiftUpdateCheck = 2600;
				LastUpgradeCheck = 1600;
				TargetAttributes = {
					767BD6F12F7EFBDD000D68FA = {
						CreatedOnToolsVersion = 26.0;
					};
					767BD7002F7EFD7F000D68FA = {
						CreatedOnToolsVersion = 26.0;
					};
					A93A953629CC810C00F8E227 = {
						CreatedOnToolsVersion = 14.2;
					};
				};
			};
			buildConfigurationList = A93A953229CC810C00F8E227 /* Build configuration list for PBXProject "iosApp" */;
			compatibilityVersion = "Xcode 14.0";
			developmentRegion = en;
			hasScannedForEncodings = 0;
			knownRegions = (
				en,
				Base,
			);
			mainGroup = A93A952E29CC810C00F8E227;
			productRefGroup = A93A953829CC810C00F8E227 /* Products */;
			projectDirPath = "";
			projectRoot = "";
			targets = (
				A93A953629CC810C00F8E227 /* iosApp */,
				767BD6F12F7EFBDD000D68FA /* macos */,
				767BD7002F7EFD7F000D68FA /* PacketTunnel */,
			);
		};
/* End PBXProject section */

/* Begin PBXResourcesBuildPhase section */
		767BD6F02F7EFBDD000D68FA /* Resources */ = {
			isa = PBXResourcesBuildPhase;
			buildActionMask = 2147483647;
			files = (
			);
			runOnlyForDeploymentPostprocessing = 0;
		};
		767BD6FF2F7EFD7F000D68FA /* Resources */ = {
			isa = PBXResourcesBuildPhase;
			buildActionMask = 2147483647;
			files = (
			);
			runOnlyForDeploymentPostprocessing = 0;
		};
		A93A953529CC810C00F8E227 /* Resources */ = {
			isa = PBXResourcesBuildPhase;
			buildActionMask = 2147483647;
			files = (
				A93A954229CC810D00F8E227 /* Preview Assets.xcassets in Resources */,
				A93A953F29CC810D00F8E227 /* Assets.xcassets in Resources */,
			);
			runOnlyForDeploymentPostprocessing = 0;
		};
/* End PBXResourcesBuildPhase section */

/* Begin PBXShellScriptBuildPhase section */
		A9D80A052AAB5CDE006C8738 /* ShellScript */ = {
			isa = PBXShellScriptBuildPhase;
			buildActionMask = 2147483647;
			files = (
			);
			inputFileListPaths = (
			);
			inputPaths = (
			);
			outputFileListPaths = (
			);
			outputPaths = (
			);
			runOnlyForDeploymentPostprocessing = 0;
			shellPath = /bin/sh;
			shellScript = "cd \"$SRCROOT/..\"\n./gradlew :sharedUI:embedAndSignAppleFrameworkForXcode\n";
		};
/* End PBXShellScriptBuildPhase section */

/* Begin PBXSourcesBuildPhase section */
		767BD6EE2F7EFBDD000D68FA /* Sources */ = {
			isa = PBXSourcesBuildPhase;
			buildActionMask = 2147483647;
			files = (
			);
			runOnlyForDeploymentPostprocessing = 0;
		};
		767BD6FD2F7EFD7F000D68FA /* Sources */ = {
			isa = PBXSourcesBuildPhase;
			buildActionMask = 2147483647;
			files = (
			);
			runOnlyForDeploymentPostprocessing = 0;
		};
		A93A953329CC810C00F8E227 /* Sources */ = {
			isa = PBXSourcesBuildPhase;
			buildActionMask = 2147483647;
			files = (
				A93A953B29CC810C00F8E227 /* iosApp.swift in Sources */,
			);
			runOnlyForDeploymentPostprocessing = 0;
		};
/* End PBXSourcesBuildPhase section */

/* Begin PBXTargetDependency section */
		767BD70A2F7EFD7F000D68FA /* PBXTargetDependency */ = {
			isa = PBXTargetDependency;
			target = 767BD7002F7EFD7F000D68FA /* PacketTunnel */;
			targetProxy = 767BD7092F7EFD7F000D68FA /* PBXContainerItemProxy */;
		};
/* End PBXTargetDependency section */

/* Begin XCBuildConfiguration section */
		767BD6FB2F7EFBDE000D68FA /* Debug */ = {
			isa = XCBuildConfiguration;
			buildSettings = {
				ASSETCATALOG_COMPILER_APPICON_NAME = AppIcon;
				ASSETCATALOG_COMPILER_GENERATE_SWIFT_ASSET_SYMBOL_EXTENSIONS = YES;
				ASSETCATALOG_COMPILER_GLOBAL_ACCENT_COLOR_NAME = AccentColor;
				CODE_SIGN_STYLE = Automatic;
				COMBINE_HIDPI_IMAGES = YES;
				CURRENT_PROJECT_VERSION = 1;
				DEVELOPMENT_TEAM = RNGD37GUC5;
				ENABLE_APP_SANDBOX = YES;
				ENABLE_HARDENED_RUNTIME = YES;
				ENABLE_PREVIEWS = YES;
				ENABLE_USER_SCRIPT_SANDBOXING = YES;
				ENABLE_USER_SELECTED_FILES = readonly;
				GCC_C_LANGUAGE_STANDARD = gnu17;
				GENERATE_INFOPLIST_FILE = YES;
				INFOPLIST_KEY_NSHumanReadableCopyright = "";
				LD_RUNPATH_SEARCH_PATHS = (
					"$(inherited)",
					"@executable_path/../Frameworks",
				);
				LOCALIZATION_PREFERS_STRING_CATALOGS = YES;
				MACOSX_DEPLOYMENT_TARGET = 26.0;
				MARKETING_VERSION = 1.0;
				PRODUCT_BUNDLE_IDENTIFIER = org.turnbox.app.macos;
				PRODUCT_NAME = "$(TARGET_NAME)";
				REGISTER_APP_GROUPS = YES;
				SDKROOT = macosx;
				STRING_CATALOG_GENERATE_SYMBOLS = YES;
				SWIFT_ACTIVE_COMPILATION_CONDITIONS = "DEBUG $(inherited)";
				SWIFT_APPROACHABLE_CONCURRENCY = YES;
				SWIFT_DEFAULT_ACTOR_ISOLATION = MainActor;
				SWIFT_EMIT_LOC_STRINGS = YES;
				SWIFT_UPCOMING_FEATURE_MEMBER_IMPORT_VISIBILITY = YES;
				SWIFT_VERSION = 5.0;
			};
			name = Debug;
		};
		767BD6FC2F7EFBDE000D68FA /* Release */ = {
			isa = XCBuildConfiguration;
			buildSettings = {
				ASSETCATALOG_COMPILER_APPICON_NAME = AppIcon;
				ASSETCATALOG_COMPILER_GENERATE_SWIFT_ASSET_SYMBOL_EXTENSIONS = YES;
				ASSETCATALOG_COMPILER_GLOBAL_ACCENT_COLOR_NAME = AccentColor;
				CODE_SIGN_STYLE = Automatic;
				COMBINE_HIDPI_IMAGES = YES;
				CURRENT_PROJECT_VERSION = 1;
				DEVELOPMENT_TEAM = RNGD37GUC5;
				ENABLE_APP_SANDBOX = YES;
				ENABLE_HARDENED_RUNTIME = YES;
				ENABLE_PREVIEWS = YES;
				ENABLE_USER_SCRIPT_SANDBOXING = YES;
				ENABLE_USER_SELECTED_FILES = readonly;
				GCC_C_LANGUAGE_STANDARD = gnu17;
				GENERATE_INFOPLIST_FILE = YES;
				INFOPLIST_KEY_NSHumanReadableCopyright = "";
				LD_RUNPATH_SEARCH_PATHS = (
					"$(inherited)",
					"@executable_path/../Frameworks",
				);
				LOCALIZATION_PREFERS_STRING_CATALOGS = YES;
				MACOSX_DEPLOYMENT_TARGET = 26.0;
				MARKETING_VERSION = 1.0;
				PRODUCT_BUNDLE_IDENTIFIER = org.turnbox.app.macos;
				PRODUCT_NAME = "$(TARGET_NAME)";
				REGISTER_APP_GROUPS = YES;
				SDKROOT = macosx;
				STRING_CATALOG_GENERATE_SYMBOLS = YES;
				SWIFT_APPROACHABLE_CONCURRENCY = YES;
				SWIFT_DEFAULT_ACTOR_ISOLATION = MainActor;
				SWIFT_EMIT_LOC_STRINGS = YES;
				SWIFT_UPCOMING_FEATURE_MEMBER_IMPORT_VISIBILITY = YES;
				SWIFT_VERSION = 5.0;
			};
			name = Release;
		};
		767BD70E2F7EFD7F000D68FA /* Debug */ = {
			isa = XCBuildConfiguration;
			buildSettings = {
				ASSETCATALOG_COMPILER_GENERATE_SWIFT_ASSET_SYMBOL_EXTENSIONS = YES;
				CODE_SIGN_ENTITLEMENTS = PacketTunnel/PacketTunnel.entitlements;
				CODE_SIGN_STYLE = Automatic;
				CURRENT_PROJECT_VERSION = 1;
				DEVELOPMENT_TEAM = RNGD37GUC5;
				ENABLE_APP_SANDBOX = YES;
				ENABLE_HARDENED_RUNTIME = YES;
				ENABLE_USER_SCRIPT_SANDBOXING = YES;
				GCC_C_LANGUAGE_STANDARD = gnu17;
				GENERATE_INFOPLIST_FILE = YES;
				INFOPLIST_FILE = PacketTunnel/Info.plist;
				INFOPLIST_KEY_CFBundleDisplayName = PacketTunnel;
				INFOPLIST_KEY_NSHumanReadableCopyright = "";
				LD_RUNPATH_SEARCH_PATHS = (
					"$(inherited)",
					"@executable_path/../Frameworks",
					"@executable_path/../../../../Frameworks",
				);
				LOCALIZATION_PREFERS_STRING_CATALOGS = YES;
				MACOSX_DEPLOYMENT_TARGET = 26.0;
				MARKETING_VERSION = 1.0;
				PRODUCT_BUNDLE_IDENTIFIER = org.turnbox.app.macos.PacketTunnel;
				PRODUCT_NAME = "$(TARGET_NAME)";
				SDKROOT = macosx;
				SKIP_INSTALL = YES;
				STRING_CATALOG_GENERATE_SYMBOLS = YES;
				SWIFT_ACTIVE_COMPILATION_CONDITIONS = "DEBUG $(inherited)";
				SWIFT_APPROACHABLE_CONCURRENCY = YES;
				SWIFT_EMIT_LOC_STRINGS = YES;
				SWIFT_UPCOMING_FEATURE_MEMBER_IMPORT_VISIBILITY = YES;
				SWIFT_VERSION = 5.0;
			};
			name = Debug;
		};
		767BD70F2F7EFD7F000D68FA /* Release */ = {
			isa = XCBuildConfiguration;
			buildSettings = {
				ASSETCATALOG_COMPILER_GENERATE_SWIFT_ASSET_SYMBOL_EXTENSIONS = YES;
				CODE_SIGN_ENTITLEMENTS = PacketTunnel/PacketTunnel.entitlements;
				CODE_SIGN_STYLE = Automatic;
				CURRENT_PROJECT_VERSION = 1;
				DEVELOPMENT_TEAM = RNGD37GUC5;
				ENABLE_APP_SANDBOX = YES;
				ENABLE_HARDENED_RUNTIME = YES;
				ENABLE_USER_SCRIPT_SANDBOXING = YES;
				GCC_C_LANGUAGE_STANDARD = gnu17;
				GENERATE_INFOPLIST_FILE = YES;
				INFOPLIST_FILE = PacketTunnel/Info.plist;
				INFOPLIST_KEY_CFBundleDisplayName = PacketTunnel;
				INFOPLIST_KEY_NSHumanReadableCopyright = "";
				LD_RUNPATH_SEARCH_PATHS = (
					"$(inherited)",
					"@executable_path/../Frameworks",
					"@executable_path/../../../../Frameworks",
				);
				LOCALIZATION_PREFERS_STRING_CATALOGS = YES;
				MACOSX_DEPLOYMENT_TARGET = 26.0;
				MARKETING_VERSION = 1.0;
				PRODUCT_BUNDLE_IDENTIFIER = org.turnbox.app.macos.PacketTunnel;
				PRODUCT_NAME = "$(TARGET_NAME)";
				SDKROOT = macosx;
				SKIP_INSTALL = YES;
				STRING_CATALOG_GENERATE_SYMBOLS = YES;
				SWIFT_APPROACHABLE_CONCURRENCY = YES;
				SWIFT_EMIT_LOC_STRINGS = YES;
				SWIFT_UPCOMING_FEATURE_MEMBER_IMPORT_VISIBILITY = YES;
				SWIFT_VERSION = 5.0;
			};
			name = Release;
		};
		A93A954329CC810D00F8E227 /* Debug */ = {
			isa = XCBuildConfiguration;
			buildSettings = {
				ALWAYS_SEARCH_USER_PATHS = NO;
				CLANG_ANALYZER_NONNULL = YES;
				CLANG_ANALYZER_NUMBER_OBJECT_CONVERSION = YES_AGGRESSIVE;
				CLANG_CXX_LANGUAGE_STANDARD = "gnu++20";
				CLANG_ENABLE_MODULES = YES;
				CLANG_ENABLE_OBJC_ARC = YES;
				CLANG_ENABLE_OBJC_WEAK = YES;
				CLANG_WARN_BLOCK_CAPTURE_AUTORELEASING = YES;
				CLANG_WARN_BOOL_CONVERSION = YES;
				CLANG_WARN_COMMA = YES;
				CLANG_WARN_CONSTANT_CONVERSION = YES;
				CLANG_WARN_DEPRECATED_OBJC_IMPLEMENTATIONS = YES;
				CLANG_WARN_DIRECT_OBJC_ISA_USAGE = YES_ERROR;
				CLANG_WARN_DOCUMENTATION_COMMENTS = YES;
				CLANG_WARN_EMPTY_BODY = YES;
				CLANG_WARN_ENUM_CONVERSION = YES;
				CLANG_WARN_INFINITE_RECURSION = YES;
				CLANG_WARN_INT_CONVERSION = YES;
				CLANG_WARN_NON_LITERAL_NULL_CONVERSION = YES;
				CLANG_WARN_OBJC_IMPLICIT_RETAIN_SELF = YES;
				CLANG_WARN_OBJC_LITERAL_CONVERSION = YES;
				CLANG_WARN_OBJC_ROOT_CLASS = YES_ERROR;
				CLANG_WARN_QUOTED_INCLUDE_IN_FRAMEWORK_HEADER = YES;
				CLANG_WARN_RANGE_LOOP_ANALYSIS = YES;
				CLANG_WARN_STRICT_PROTOTYPES = YES;
				CLANG_WARN_SUSPICIOUS_MOVE = YES;
				CLANG_WARN_UNGUARDED_AVAILABILITY = YES_AGGRESSIVE;
				CLANG_WARN_UNREACHABLE_CODE = YES;
				CLANG_WARN__DUPLICATE_METHOD_MATCH = YES;
				COPY_PHASE_STRIP = NO;
				DEBUG_INFORMATION_FORMAT = dwarf;
				ENABLE_STRICT_OBJC_MSGSEND = YES;
				ENABLE_TESTABILITY = YES;
				GCC_C_LANGUAGE_STANDARD = gnu11;
				GCC_DYNAMIC_NO_PIC = NO;
				GCC_NO_COMMON_BLOCKS = YES;
				GCC_OPTIMIZATION_LEVEL = 0;
				GCC_PREPROCESSOR_DEFINITIONS = (
					"DEBUG=1",
					"$(inherited)",
				);
				GCC_WARN_64_TO_32_BIT_CONVERSION = YES;
				GCC_WARN_ABOUT_RETURN_TYPE = YES_ERROR;
				GCC_WARN_UNDECLARED_SELECTOR = YES;
				GCC_WARN_UNINITIALIZED_AUTOS = YES_AGGRESSIVE;
				GCC_WARN_UNUSED_FUNCTION = YES;
				GCC_WARN_UNUSED_VARIABLE = YES;
				IPHONEOS_DEPLOYMENT_TARGET = 16.2;
				MTL_ENABLE_DEBUG_INFO = INCLUDE_SOURCE;
				MTL_FAST_MATH = YES;
				ONLY_ACTIVE_ARCH = YES;
				SDKROOT = iphoneos;
				SWIFT_ACTIVE_COMPILATION_CONDITIONS = DEBUG;
				SWIFT_OPTIMIZATION_LEVEL = "-Onone";
			};
			name = Debug;
		};
		A93A954429CC810D00F8E227 /* Release */ = {
			isa = XCBuildConfiguration;
			buildSettings = {
				ALWAYS_SEARCH_USER_PATHS = NO;
				CLANG_ANALYZER_NONNULL = YES;
				CLANG_ANALYZER_NUMBER_OBJECT_CONVERSION = YES_AGGRESSIVE;
				CLANG_CXX_LANGUAGE_STANDARD = "gnu++20";
				CLANG_ENABLE_MODULES = YES;
				CLANG_ENABLE_OBJC_ARC = YES;
				CLANG_ENABLE_OBJC_WEAK = YES;
				CLANG_WARN_BLOCK_CAPTURE_AUTORELEASING = YES;
				CLANG_WARN_BOOL_CONVERSION = YES;
				CLANG_WARN_COMMA = YES;
				CLANG_WARN_CONSTANT_CONVERSION = YES;
				CLANG_WARN_DEPRECATED_OBJC_IMPLEMENTATIONS = YES;
				CLANG_WARN_DIRECT_OBJC_ISA_USAGE = YES_ERROR;
				CLANG_WARN_DOCUMENTATION_COMMENTS = YES;
				CLANG_WARN_EMPTY_BODY = YES;
				CLANG_WARN_ENUM_CONVERSION = YES;
				CLANG_WARN_INFINITE_RECURSION = YES;
				CLANG_WARN_INT_CONVERSION = YES;
				CLANG_WARN_NON_LITERAL_NULL_CONVERSION = YES;
				CLANG_WARN_OBJC_IMPLICIT_RETAIN_SELF = YES;
				CLANG_WARN_OBJC_LITERAL_CONVERSION = YES;
				CLANG_WARN_OBJC_ROOT_CLASS = YES_ERROR;
				CLANG_WARN_QUOTED_INCLUDE_IN_FRAMEWORK_HEADER = YES;
				CLANG_WARN_RANGE_LOOP_ANALYSIS = YES;
				CLANG_WARN_STRICT_PROTOTYPES = YES;
				CLANG_WARN_SUSPICIOUS_MOVE = YES;
				CLANG_WARN_UNGUARDED_AVAILABILITY = YES_AGGRESSIVE;
				CLANG_WARN_UNREACHABLE_CODE = YES;
				CLANG_WARN__DUPLICATE_METHOD_MATCH = YES;
				COPY_PHASE_STRIP = NO;
				DEBUG_INFORMATION_FORMAT = "dwarf-with-dsym";
				ENABLE_NS_ASSERTIONS = NO;
				ENABLE_STRICT_OBJC_MSGSEND = YES;
				GCC_C_LANGUAGE_STANDARD = gnu11;
				GCC_NO_COMMON_BLOCKS = YES;
				GCC_WARN_64_TO_32_BIT_CONVERSION = YES;
				GCC_WARN_ABOUT_RETURN_TYPE = YES_ERROR;
				GCC_WARN_UNDECLARED_SELECTOR = YES;
				GCC_WARN_UNINITIALIZED_AUTOS = YES_AGGRESSIVE;
				GCC_WARN_UNUSED_FUNCTION = YES;
				GCC_WARN_UNUSED_VARIABLE = YES;
				IPHONEOS_DEPLOYMENT_TARGET = 16.2;
				MTL_ENABLE_DEBUG_INFO = NO;
				MTL_FAST_MATH = YES;
				SDKROOT = iphoneos;
				SWIFT_COMPILATION_MODE = wholemodule;
				SWIFT_OPTIMIZATION_LEVEL = "-O";
				VALIDATE_PRODUCT = YES;
			};
			name = Release;
		};
		A93A954629CC810D00F8E227 /* Debug */ = {
			isa = XCBuildConfiguration;
			buildSettings = {
				ASSETCATALOG_COMPILER_APPICON_NAME = AppIcon;
				ASSETCATALOG_COMPILER_GLOBAL_ACCENT_COLOR_NAME = AccentColor;
				CODE_SIGN_STYLE = Automatic;
				CURRENT_PROJECT_VERSION = 1;
				DEVELOPMENT_ASSET_PATHS = "\"iosApp/Preview Content\"";
				ENABLE_PREVIEWS = YES;
				GENERATE_INFOPLIST_FILE = YES;
				INFOPLIST_FILE = iosApp/Info.plist;
				INFOPLIST_KEY_UILaunchScreen_Generation = YES;
				LD_RUNPATH_SEARCH_PATHS = (
					"$(inherited)",
					"@executable_path/Frameworks",
				);
				MARKETING_VERSION = 1.0;
				PRODUCT_BUNDLE_IDENTIFIER = org.turnbox.app.iosApp;
				PRODUCT_NAME = "Multiplatform App";
				SWIFT_EMIT_LOC_STRINGS = YES;
				SWIFT_VERSION = 5.0;
				TARGETED_DEVICE_FAMILY = "1,2";
			};
			name = Debug;
		};
		A93A954729CC810D00F8E227 /* Release */ = {
			isa = XCBuildConfiguration;
			buildSettings = {
				ASSETCATALOG_COMPILER_APPICON_NAME = AppIcon;
				ASSETCATALOG_COMPILER_GLOBAL_ACCENT_COLOR_NAME = AccentColor;
				CODE_SIGN_STYLE = Automatic;
				CURRENT_PROJECT_VERSION = 1;
				DEVELOPMENT_ASSET_PATHS = "\"iosApp/Preview Content\"";
				ENABLE_PREVIEWS = YES;
				GENERATE_INFOPLIST_FILE = YES;
				INFOPLIST_FILE = iosApp/Info.plist;
				INFOPLIST_KEY_UILaunchScreen_Generation = YES;
				LD_RUNPATH_SEARCH_PATHS = (
					"$(inherited)",
					"@executable_path/Frameworks",
				);
				MARKETING_VERSION = 1.0;
				PRODUCT_BUNDLE_IDENTIFIER = org.turnbox.app.iosApp;
				PRODUCT_NAME = "Multiplatform App";
				SWIFT_EMIT_LOC_STRINGS = YES;
				SWIFT_VERSION = 5.0;
				TARGETED_DEVICE_FAMILY = "1,2";
			};
			name = Release;
		};
/* End XCBuildConfiguration section */

/* Begin XCConfigurationList section */
		767BD6FA2F7EFBDE000D68FA /* Build configuration list for PBXNativeTarget "macos" */ = {
			isa = XCConfigurationList;
			buildConfigurations = (
				767BD6FB2F7EFBDE000D68FA /* Debug */,
				767BD6FC2F7EFBDE000D68FA /* Release */,
			);
			defaultConfigurationIsVisible = 0;
			defaultConfigurationName = Release;
		};
		767BD70D2F7EFD7F000D68FA /* Build configuration list for PBXNativeTarget "PacketTunnel" */ = {
			isa = XCConfigurationList;
			buildConfigurations = (
				767BD70E2F7EFD7F000D68FA /* Debug */,
				767BD70F2F7EFD7F000D68FA /* Release */,
			);
			defaultConfigurationIsVisible = 0;
			defaultConfigurationName = Release;
		};
		A93A953229CC810C00F8E227 /* Build configuration list for PBXProject "iosApp" */ = {
			isa = XCConfigurationList;
			buildConfigurations = (
				A93A954329CC810D00F8E227 /* Debug */,
				A93A954429CC810D00F8E227 /* Release */,
			);
			defaultConfigurationIsVisible = 0;
			defaultConfigurationName = Release;
		};
		A93A954529CC810D00F8E227 /* Build configuration list for PBXNativeTarget "iosApp" */ = {
			isa = XCConfigurationList;
			buildConfigurations = (
				A93A954629CC810D00F8E227 /* Debug */,
				A93A954729CC810D00F8E227 /* Release */,
			);
			defaultConfigurationIsVisible = 0;
			defaultConfigurationName = Release;
		};
/* End XCConfigurationList section */
	};
	rootObject = A93A952F29CC810C00F8E227 /* Project object */;
}
